<?xml version="1.0" encoding="utf-8"?>
<Project ToolsVersion="4.0" xmlns="http://schemas.microsoft.com/developer/msbuild/2003">
  <ItemGroup>
    <Filter Include="Base">
      <UniqueIdentifier>{1874859f-3a4e-4844-931c-13c0e07292db}</UniqueIdentifier>
    </Filter>
    <Filter Include="Components">
      <UniqueIdentifier>{9145e221-4d78-4c6a-805c-c7e726b111bd}</UniqueIdentifier>
    </Filter>
    <Filter Include="Content">
      <UniqueIdentifier>{edcdde7d-5129-4ce1-b142-4b6efd88a846}</UniqueIdentifier>
    </Filter>
    <Filter Include="Helper">
      <UniqueIdentifier>{72722111-9973-48cb-9f3b-1e4c4bf8ed47}</UniqueIdentifier>
    </Filter>
    <Filter Include="Graphics">
      <UniqueIdentifier>{f2781ec2-aff2-4084-af69-59a1669d46ac}</UniqueIdentifier>
    </Filter>
    <Filter Include="Prefabs">
      <UniqueIdentifier>{463db16d-6cc7-4522-91fa-1c46f80c7cc5}</UniqueIdentifier>
    </Filter>
    <Filter Include="SceneGraph">
      <UniqueIdentifier>{60853a6a-56df-4baa-b4ef-ba7681f86e0f}</UniqueIdentifier>
    </Filter>
    <Filter Include="Framebuffers">
      <UniqueIdentifier>{6b6d5601-0043-4424-9eb5-21ba9da1b536}</UniqueIdentifier>
    </Filter>
    <Filter Include="GraphicsHelper">
      <UniqueIdentifier>{5e8df684-4c01-4ba6-80d6-305e6891d90f}</UniqueIdentifier>
    </Filter>
    <Filter Include="Materials">
      <UniqueIdentifier>{75974181-6924-44fc-b1d0-c0ac543aa838}</UniqueIdentifier>
    </Filter>
    <Filter Include="PlanetTech">
      <UniqueIdentifier>{d5fc6b3f-5eac-4c3c-a0bb-6c3577c10cb9}</UniqueIdentifier>
    </Filter>
    <Filter Include="PlanetTech\Types">
      <UniqueIdentifier>{6e8f3f9b-cbca-402f-87cf-4e0ce54a842a}</UniqueIdentifier>
    </Filter>
    <Filter Include="StaticDependancies\glad">
      <UniqueIdentifier>{806d03ae-6bc7-45f9-b7c5-9bd79c538a61}</UniqueIdentifier>
    </Filter>
    <Filter Include="StaticDependancies">
      <UniqueIdentifier>{948fd7a6-dd6a-4fac-bcc2-0762d9f26a61}</UniqueIdentifier>
    </Filter>
    <Filter Include="Math">
      <UniqueIdentifier>{1b342657-45c4-4cdd-94e3-ea1452da5cab}</UniqueIdentifier>
    </Filter>
  </ItemGroup>
  <ItemGroup>
    <ClCompile Include="Base\AbstractFramework.cpp">
      <Filter>Base</Filter>
    </ClCompile>
    <ClCompile Include="Base\InputManager.cpp">
      <Filter>Base</Filter>
    </ClCompile>
    <ClCompile Include="Base\Time.cpp">
      <Filter>Base</Filter>
    </ClCompile>
    <ClCompile Include="Components\AbstractComponent.cpp">
      <Filter>Components</Filter>
    </ClCompile>
    <ClCompile Include="Components\CameraComponent.cpp">
      <Filter>Components</Filter>
    </ClCompile>
    <ClCompile Include="Components\LightComponent.cpp">
      <Filter>Components</Filter>
    </ClCompile>
    <ClCompile Include="Components\ModelComponent.cpp">
      <Filter>Components</Filter>
    </ClCompile>
    <ClCompile Include="Components\TransformComponent.cpp">
      <Filter>Components</Filter>
    </ClCompile>
    <ClCompile Include="Content\ContentManager.cpp">
      <Filter>Content</Filter>
    </ClCompile>
    <ClCompile Include="Content\CubeMapLoader.cpp">
      <Filter>Content</Filter>
    </ClCompile>
    <ClCompile Include="Content\MeshFilterLoader.cpp">
      <Filter>Content</Filter>
    </ClCompile>
    <ClCompile Include="Content\ShaderLoader.cpp">
      <Filter>Content</Filter>
    </ClCompile>
    <ClCompile Include="Content\TextureLoader.cpp">
      <Filter>Content</Filter>
    </ClCompile>
    <ClCompile Include="Helper\Logger.cpp">
      <Filter>Helper</Filter>
    </ClCompile>
    <ClCompile Include="Graphics\FrameBuffer.cpp">
      <Filter>Graphics</Filter>
    </ClCompile>
    <ClCompile Include="Graphics\Material.cpp">
      <Filter>Graphics</Filter>
    </ClCompile>
    <ClCompile Include="Graphics\MeshFilter.cpp">
      <Filter>Graphics</Filter>
    </ClCompile>
    <ClCompile Include="Graphics\ShaderData.cpp">
      <Filter>Graphics</Filter>
    </ClCompile>
    <ClCompile Include="Graphics\TextureData.cpp">
      <Filter>Graphics</Filter>
    </ClCompile>
    <ClCompile Include="Prefabs\FixedCamera.cpp">
      <Filter>Prefabs</Filter>
    </ClCompile>
    <ClCompile Include="Prefabs\FreeCamera.cpp">
      <Filter>Prefabs</Filter>
    </ClCompile>
    <ClCompile Include="Prefabs\Skybox.cpp">
      <Filter>Prefabs</Filter>
    </ClCompile>
    <ClCompile Include="SceneGraph\AbstractScene.cpp">
      <Filter>SceneGraph</Filter>
    </ClCompile>
    <ClCompile Include="SceneGraph\Entity.cpp">
      <Filter>SceneGraph</Filter>
    </ClCompile>
    <ClCompile Include="SceneGraph\SceneManager.cpp">
      <Filter>SceneGraph</Filter>
    </ClCompile>
    <ClCompile Include="Framebuffers\Gbuffer.cpp">
      <Filter>Framebuffers</Filter>
    </ClCompile>
    <ClCompile Include="Content\FontLoader.cpp">
      <Filter>Content</Filter>
    </ClCompile>
    <ClCompile Include="Content\HdrLoader.cpp">
      <Filter>Content</Filter>
    </ClCompile>
    <ClCompile Include="Framebuffers\PostProcessingRenderer.cpp">
      <Filter>Framebuffers</Filter>
    </ClCompile>
    <ClCompile Include="GraphicsHelper\LightVolume.cpp">
      <Filter>GraphicsHelper</Filter>
    </ClCompile>
    <ClCompile Include="GraphicsHelper\PrimitiveRenderer.cpp">
      <Filter>GraphicsHelper</Filter>
    </ClCompile>
    <ClCompile Include="GraphicsHelper\RenderPipeline.cpp">
      <Filter>GraphicsHelper</Filter>
    </ClCompile>
    <ClCompile Include="GraphicsHelper\RenderState.cpp">
      <Filter>GraphicsHelper</Filter>
    </ClCompile>
    <ClCompile Include="GraphicsHelper\ShadowRenderer.cpp">
      <Filter>GraphicsHelper</Filter>
    </ClCompile>
    <ClCompile Include="GraphicsHelper\TextRenderer.cpp">
      <Filter>GraphicsHelper</Filter>
    </ClCompile>
    <ClCompile Include="Graphics\Frustum.cpp">
      <Filter>Graphics</Filter>
    </ClCompile>
    <ClCompile Include="Graphics\Light.cpp">
      <Filter>Graphics</Filter>
    </ClCompile>
    <ClCompile Include="Graphics\SpriteFont.cpp">
      <Filter>Graphics</Filter>
    </ClCompile>
    <ClCompile Include="Helper\PerformanceInfo.cpp">
      <Filter>Helper</Filter>
    </ClCompile>
    <ClCompile Include="Materials\GbufferMaterial.cpp">
      <Filter>Materials</Filter>
    </ClCompile>
    <ClCompile Include="Materials\LightMaterial.cpp">
      <Filter>Materials</Filter>
    </ClCompile>
    <ClCompile Include="Materials\NullMaterial.cpp">
      <Filter>Materials</Filter>
    </ClCompile>
    <ClCompile Include="Materials\SkyboxMaterial.cpp">
      <Filter>Materials</Filter>
    </ClCompile>
    <ClCompile Include="PlanetTech\Atmosphere.cpp">
      <Filter>PlanetTech</Filter>
    </ClCompile>
    <ClCompile Include="PlanetTech\Patch.cpp">
      <Filter>PlanetTech</Filter>
    </ClCompile>
    <ClCompile Include="PlanetTech\Planet.cpp">
      <Filter>PlanetTech</Filter>
    </ClCompile>
    <ClCompile Include="PlanetTech\Triangulator.cpp">
      <Filter>PlanetTech</Filter>
    </ClCompile>
    <ClCompile Include="PlanetTech\Types\Earth.cpp">
      <Filter>PlanetTech\Types</Filter>
    </ClCompile>
    <ClCompile Include="PlanetTech\Types\Moon.cpp">
      <Filter>PlanetTech\Types</Filter>
    </ClCompile>
    <ClCompile Include="Prefabs\OrbitCamera.cpp">
      <Filter>Prefabs</Filter>
    </ClCompile>
    <ClCompile Include="StaticDependancies\glad\glad.c">
      <Filter>StaticDependancies\glad</Filter>
    </ClCompile>
    <ClCompile Include="stdafx.cpp" />
    <ClCompile Include="Math\Geometry.cpp" />
    <ClCompile Include="FileSystem\Entry.cpp" />
    <ClCompile Include="FileSystem\Facade\FileBase.cpp" />
    <ClCompile Include="FileSystem\Directory\DirectoryBase.cpp" />
    <ClCompile Include="FileSystem\FileUtil.cpp" />
    <ClCompile Include="FileSystem\BinaryReader.cpp">
      <Filter>Helper</Filter>
    </ClCompile>
    <ClCompile Include="GraphicsHelper\SpriteRenderer.cpp" />
    <ClCompile Include="Components\SpriteComponent.cpp" />
    <ClCompile Include="Editor\Editor.cpp" />
    <ClCompile Include="Editor\EditorRenderer.cpp" />
    <ClCompile Include="Base\Settings.cpp" />
    <ClCompile Include="UI\UIContainer.cpp" />
  </ItemGroup>
  <ItemGroup>
    <ClInclude Include="Base\Context.hpp">
      <Filter>Base</Filter>
    </ClInclude>
    <ClInclude Include="Base\AbstractFramework.hpp">
      <Filter>Base</Filter>
    </ClInclude>
    <ClInclude Include="Base\InputManager.hpp">
      <Filter>Base</Filter>
    </ClInclude>
    <ClInclude Include="Base\Settings.hpp">
      <Filter>Base</Filter>
    </ClInclude>
    <ClInclude Include="Base\Time.hpp">
      <Filter>Base</Filter>
    </ClInclude>
    <ClInclude Include="Components\AbstractComponent.hpp">
      <Filter>Components</Filter>
    </ClInclude>
    <ClInclude Include="Components\CameraComponent.hpp">
      <Filter>Components</Filter>
    </ClInclude>
    <ClInclude Include="Components\LightComponent.hpp">
      <Filter>Components</Filter>
    </ClInclude>
    <ClInclude Include="Components\ModelComponent.hpp">
      <Filter>Components</Filter>
    </ClInclude>
    <ClInclude Include="Components\TransformComponent.hpp">
      <Filter>Components</Filter>
    </ClInclude>
    <ClInclude Include="Content\ContentLoader.hpp">
      <Filter>Content</Filter>
    </ClInclude>
    <ClInclude Include="Content\ContentManager.hpp">
      <Filter>Content</Filter>
    </ClInclude>
    <ClInclude Include="Content\CubeMapLoader.hpp">
      <Filter>Content</Filter>
    </ClInclude>
    <ClInclude Include="Content\MeshFilterLoader.hpp">
      <Filter>Content</Filter>
    </ClInclude>
    <ClInclude Include="Content\ShaderLoader.hpp">
      <Filter>Content</Filter>
    </ClInclude>
    <ClInclude Include="Content\TextureLoader.hpp">
      <Filter>Content</Filter>
    </ClInclude>
    <ClInclude Include="Helper\Logger.hpp">
      <Filter>Helper</Filter>
    </ClInclude>
    <ClInclude Include="Helper\Singleton.hpp">
      <Filter>Helper</Filter>
    </ClInclude>
    <ClInclude Include="Graphics\FrameBuffer.hpp">
      <Filter>Graphics</Filter>
    </ClInclude>
    <ClInclude Include="Graphics\Material.hpp">
      <Filter>Graphics</Filter>
    </ClInclude>
    <ClInclude Include="Graphics\MeshFilter.hpp">
      <Filter>Graphics</Filter>
    </ClInclude>
    <ClInclude Include="Graphics\ShaderData.hpp">
      <Filter>Graphics</Filter>
    </ClInclude>
    <ClInclude Include="Graphics\TextureData.hpp">
      <Filter>Graphics</Filter>
    </ClInclude>
    <ClInclude Include="Prefabs\FixedCamera.hpp">
      <Filter>Prefabs</Filter>
    </ClInclude>
    <ClInclude Include="Prefabs\FreeCamera.hpp">
      <Filter>Prefabs</Filter>
    </ClInclude>
    <ClInclude Include="Prefabs\Skybox.hpp">
      <Filter>Prefabs</Filter>
    </ClInclude>
    <ClInclude Include="SceneGraph\AbstractScene.hpp">
      <Filter>SceneGraph</Filter>
    </ClInclude>
    <ClInclude Include="SceneGraph\Entity.hpp">
      <Filter>SceneGraph</Filter>
    </ClInclude>
    <ClInclude Include="SceneGraph\SceneManager.hpp">
      <Filter>SceneGraph</Filter>
    </ClInclude>
    <ClInclude Include="Framebuffers\Gbuffer.hpp">
      <Filter>Framebuffers</Filter>
    </ClInclude>
    <ClInclude Include="Components\stdafx.hpp">
      <Filter>Components</Filter>
    </ClInclude>
    <ClInclude Include="Content\FontLoader.hpp">
      <Filter>Content</Filter>
    </ClInclude>
    <ClInclude Include="Content\HdrLoader.hpp">
      <Filter>Content</Filter>
    </ClInclude>
    <ClInclude Include="Content\stdafx.hpp">
      <Filter>Content</Filter>
    </ClInclude>
    <ClInclude Include="Framebuffers\PostProcessingRenderer.hpp">
      <Filter>Framebuffers</Filter>
    </ClInclude>
    <ClInclude Include="Framebuffers\stdafx.hpp">
      <Filter>Framebuffers</Filter>
    </ClInclude>
    <ClInclude Include="GraphicsHelper\LightVolume.hpp">
      <Filter>GraphicsHelper</Filter>
    </ClInclude>
    <ClInclude Include="GraphicsHelper\PrimitiveRenderer.hpp">
      <Filter>GraphicsHelper</Filter>
    </ClInclude>
    <ClInclude Include="GraphicsHelper\RenderPipeline.hpp">
      <Filter>GraphicsHelper</Filter>
    </ClInclude>
    <ClInclude Include="GraphicsHelper\RenderState.hpp">
      <Filter>GraphicsHelper</Filter>
    </ClInclude>
    <ClInclude Include="GraphicsHelper\ShadowRenderer.hpp">
      <Filter>GraphicsHelper</Filter>
    </ClInclude>
    <ClInclude Include="GraphicsHelper\stdafx.hpp">
      <Filter>GraphicsHelper</Filter>
    </ClInclude>
    <ClInclude Include="GraphicsHelper\TextRenderer.hpp">
      <Filter>GraphicsHelper</Filter>
    </ClInclude>
    <ClInclude Include="Graphics\Frustum.h">
      <Filter>Graphics</Filter>
    </ClInclude>
    <ClInclude Include="Graphics\Light.hpp">
      <Filter>Graphics</Filter>
    </ClInclude>
    <ClInclude Include="Graphics\SpriteFont.hpp">
      <Filter>Graphics</Filter>
    </ClInclude>
    <ClInclude Include="Graphics\stdafx.hpp">
      <Filter>Graphics</Filter>
    </ClInclude>
    <ClInclude Include="Helper\AtomicTypes.hpp">
      <Filter>Helper</Filter>
    </ClInclude>
    <ClInclude Include="Helper\PerformanceInfo.hpp">
      <Filter>Helper</Filter>
    </ClInclude>
    <ClInclude Include="Helper\stdafx.hpp">
      <Filter>Helper</Filter>
    </ClInclude>
    <ClInclude Include="Materials\GbufferMaterial.hpp">
      <Filter>Materials</Filter>
    </ClInclude>
    <ClInclude Include="Materials\LightMaterial.hpp">
      <Filter>Materials</Filter>
    </ClInclude>
    <ClInclude Include="Materials\NullMaterial.hpp">
      <Filter>Materials</Filter>
    </ClInclude>
    <ClInclude Include="Materials\SkyboxMaterial.hpp">
      <Filter>Materials</Filter>
    </ClInclude>
    <ClInclude Include="Materials\stdafx.hpp">
      <Filter>Materials</Filter>
    </ClInclude>
    <ClInclude Include="Math\Math.hpp">
      <Filter>Math</Filter>
    </ClInclude>
    <ClInclude Include="Math\Matrix.hpp">
      <Filter>Math</Filter>
    </ClInclude>
    <ClInclude Include="Math\Quaternion.hpp">
      <Filter>Math</Filter>
    </ClInclude>
    <ClInclude Include="Math\stdafx.hpp">
      <Filter>Math</Filter>
    </ClInclude>
    <ClInclude Include="Math\Transform.hpp">
      <Filter>Math</Filter>
    </ClInclude>
    <ClInclude Include="Math\Vector.hpp">
      <Filter>Math</Filter>
    </ClInclude>
    <ClInclude Include="PlanetTech\Atmosphere.hpp">
      <Filter>PlanetTech</Filter>
    </ClInclude>
    <ClInclude Include="PlanetTech\Patch.hpp">
      <Filter>PlanetTech</Filter>
    </ClInclude>
    <ClInclude Include="PlanetTech\Planet.hpp">
      <Filter>PlanetTech</Filter>
    </ClInclude>
    <ClInclude Include="PlanetTech\stdafx.hpp">
      <Filter>PlanetTech</Filter>
    </ClInclude>
    <ClInclude Include="PlanetTech\Triangulator.hpp">
      <Filter>PlanetTech</Filter>
    </ClInclude>
    <ClInclude Include="PlanetTech\Types\Earth.hpp">
      <Filter>PlanetTech\Types</Filter>
    </ClInclude>
    <ClInclude Include="PlanetTech\Types\Moon.hpp">
      <Filter>PlanetTech\Types</Filter>
    </ClInclude>
    <ClInclude Include="Prefabs\OrbitCamera.hpp">
      <Filter>Prefabs</Filter>
    </ClInclude>
    <ClInclude Include="StaticDependancies\glad\glad.h">
      <Filter>StaticDependancies\glad</Filter>
    </ClInclude>
    <ClInclude Include="stdafx.hpp" />
    <ClInclude Include="Graphics\Frustum.hpp" />
    <ClInclude Include="Math\MathUtil.hpp" />
    <ClInclude Include="Math\Geometry.hpp" />
    <ClInclude Include="FileSystem\Entry.h" />
    <ClInclude Include="FileSystem\Facade\FileAccessFlags.h" />
    <ClInclude Include="FileSystem\Facade\FileAccessMode.h" />
    <ClInclude Include="FileSystem\Facade\FileBase.h" />
    <ClInclude Include="FileSystem\Facade\FileBaseLinux.hpp" />
    <ClInclude Include="FileSystem\Facade\FileBaseLinuxMembers.h" />
    <ClInclude Include="FileSystem\Facade\FileBaseLinuxReferences.h" />
    <ClInclude Include="FileSystem\Facade\FileBaseStub.hpp" />
    <ClInclude Include="FileSystem\Facade\FileBaseWin.hpp" />
    <ClInclude Include="FileSystem\Facade\FileBaseWinReferences.h" />
    <ClInclude Include="FileSystem\Facade\FileHandle.h" />
    <ClInclude Include="FileSystem\Directory\DirectoryBaseLinux.hpp" />
    <ClInclude Include="FileSystem\Directory\DirectoryBaseWindows.hpp" />
    <ClInclude Include="FileSystem\FileUtil.h" />
    <ClInclude Include="FileSystem\BinaryReader.hpp">
      <Filter>Helper</Filter>
    </ClInclude>
    <ClInclude Include="GraphicsHelper\SpriteRenderer.hpp" />
    <ClInclude Include="Components\SpriteComponent.hpp" />
    <ClInclude Include="Helper\MulticastDelegate.hpp" />
    <ClInclude Include="Graphics\PostProcessingSettings.hpp" />
    <ClInclude Include="Editor\Editor.hpp" />
    <ClInclude Include="Editor\EditorRenderer.hpp" />
    <ClInclude Include="UI\UIUtil.hpp" />
    <ClInclude Include="UI\UIContainer.h" />
  </ItemGroup>
</Project>