<?xml version="1.0" encoding="utf-8"?>
<Project ToolsVersion="4.0" xmlns="http://schemas.microsoft.com/developer/msbuild/2003">
  <ItemGroup>
    <Filter Include="Engine\Math">
      <UniqueIdentifier>{e6ad40c8-f7d2-48ec-be9a-1ae9dcddc9b3}</UniqueIdentifier>
    </Filter>
    <Filter Include="Engine">
      <UniqueIdentifier>{b3b337a9-81e8-4d70-8ecd-c21ca8c7601c}</UniqueIdentifier>
    </Filter>
  </ItemGroup>
  <ItemGroup>
    <ClCompile Include="Engine\Math\MatrixTest.cpp">
      <Filter>Engine\Math</Filter>
    </ClCompile>
    <ClCompile Include="Engine\Math\VectorTest.cpp">
      <Filter>Engine\Math</Filter>
    </ClCompile>
    <ClCompile Include="mainTesting.cpp" />
    <ClCompile Include="Engine\Math\QuaternionTest.cpp" />
  </ItemGroup>
</Project>