<?xml version="1.0" encoding="utf-8"?>
<Project ToolsVersion="4.0" xmlns="http://schemas.microsoft.com/developer/msbuild/2003">
  <ItemGroup>
    <Filter Include="Materials">
      <UniqueIdentifier>{afb5bb8f-eddd-4cab-9e71-e17f26032c42}</UniqueIdentifier>
    </Filter>
    <Filter Include="Scenes">
      <UniqueIdentifier>{2e0140f4-7f29-4766-aa3a-bef282933261}</UniqueIdentifier>
    </Filter>
  </ItemGroup>
  <ItemGroup>
    <ClCompile Include="Materials\EmissiveMaterial.cpp">
      <Filter>Materials</Filter>
    </ClCompile>
    <ClCompile Include="Materials\ParamPBRMaterial.cpp">
      <Filter>Materials</Filter>
    </ClCompile>
    <ClCompile Include="Materials\TexPBRMaterial.cpp">
      <Filter>Materials</Filter>
    </ClCompile>
    <ClCompile Include="Scenes\PlanetTestScene.cpp">
      <Filter>Scenes</Filter>
    </ClCompile>
    <ClCompile Include="Scenes\ShadingTestScene.cpp">
      <Filter>Scenes</Filter>
    </ClCompile>
    <ClCompile Include="Scenes\SkyboxTestScene.cpp">
      <Filter>Scenes</Filter>
    </ClCompile>
    <ClCompile Include="Scenes\TestScene.cpp">
      <Filter>Scenes</Filter>
    </ClCompile>
    <ClCompile Include="main.cpp" />
    <ClCompile Include="MainFramework.cpp" />
  </ItemGroup>
  <ItemGroup>
    <ClInclude Include="Materials\EmissiveMaterial.hpp">
      <Filter>Materials</Filter>
    </ClInclude>
    <ClInclude Include="Materials\ParamPBRMaterial.hpp">
      <Filter>Materials</Filter>
    </ClInclude>
    <ClInclude Include="Materials\stdafx.hpp">
      <Filter>Materials</Filter>
    </ClInclude>
    <ClInclude Include="Materials\TexPBRMaterial.hpp">
      <Filter>Materials</Filter>
    </ClInclude>
    <ClInclude Include="Scenes\PlanetTestScene.hpp">
      <Filter>Scenes</Filter>
    </ClInclude>
    <ClInclude Include="Scenes\ShadingTestScene.hpp">
      <Filter>Scenes</Filter>
    </ClInclude>
    <ClInclude Include="Scenes\SkyboxTestScene.hpp">
      <Filter>Scenes</Filter>
    </ClInclude>
    <ClInclude Include="Scenes\stdafx.hpp">
      <Filter>Scenes</Filter>
    </ClInclude>
    <ClInclude Include="Scenes\TestScene.hpp">
      <Filter>Scenes</Filter>
    </ClInclude>
    <ClInclude Include="MainFramework.hpp" />
    <ClInclude Include="stdafx.hpp" />
  </ItemGroup>
</Project>